
Microsoft Visual Studio Solution File, Format Version 12.00
# Visual Studio Version 17
VisualStudioVersion = 17.5.33516.290
MinimumVisualStudioVersion = 10.0.40219.1
Project("{9A19103F-16F7-4668-BE54-9A1E7A4F7556}") = "BlazorApp", "BlazorApp\BlazorApp.csproj", "{736A27CA-CA7B-47D0-8C53-C5AA29718665}"
EndProject
Project("{9A19103F-16F7-4668-BE54-9A1E7A4F7556}") = "BlazorApp.Models", "BlazorApp.Models\BlazorApp.Models.csproj", "{3F63012C-DF62-41D9-8247-C937EFA69EDD}"
EndProject
Global
	GlobalSection(SolutionConfigurationPlatforms) = preSolution
		Debug|Any CPU = Debug|Any CPU
		Release|Any CPU = Release|Any CPU
	EndGlobalSection
	GlobalSection(ProjectConfigurationPlatforms) = postSolution
		{736A27CA-CA7B-47D0-8C53-C5AA29718665}.Debug|Any CPU.ActiveCfg = Debug|Any CPU
		{736A27CA-CA7B-47D0-8C53-C5AA29718665}.Debug|Any CPU.Build.0 = Debug|Any CPU
		{736A27CA-CA7B-47D0-8C53-C5AA29718665}.Release|Any CPU.ActiveCfg = Release|Any CPU
		{736A27CA-CA7B-47D0-8C53-C5AA29718665}.Release|Any CPU.Build.0 = Release|Any CPU
		{3F63012C-DF62-41D9-8247-C937EFA69EDD}.Debug|Any CPU.ActiveCfg = Debug|Any CPU
		{3F63012C-DF62-41D9-8247-C937EFA69EDD}.Debug|Any CPU.Build.0 = Debug|Any CPU
		{3F63012C-DF62-41D9-8247-C937EFA69EDD}.Release|Any CPU.ActiveCfg = Release|Any CPU
		{3F63012C-DF62-41D9-8247-C937EFA69EDD}.Release|Any CPU.Build.0 = Release|Any CPU
	EndGlobalSection
	GlobalSection(SolutionProperties) = preSolution
		HideSolutionNode = FALSE
	EndGlobalSection
	GlobalSection(ExtensibilityGlobals) = postSolution
		SolutionGuid = {76ACC401-D3BB-4772-B769-A466F03EE7F0}
	EndGlobalSection
EndGlobal
